
Microsoft Visual Studio Solution File, Format Version 12.00
# Visual Studio Version 16
VisualStudioVersion = 16.0.30717.126
MinimumVisualStudioVersion = 10.0.40219.1
Project("{FAE04EC0-301F-11D3-BF4B-00C04F79EFBC}") = "GitTest2019", "GitTest2019\GitTest2019.csproj", "{BAEF3953-72CE-4704-9D22-C4A52CDC0DF6}"
EndProject
Global
	GlobalSection(SolutionConfigurationPlatforms) = preSolution
		Debug|Any CPU = Debug|Any CPU
		Release|Any CPU = Release|Any CPU
	EndGlobalSection
	GlobalSection(ProjectConfigurationPlatforms) = postSolution
		{BAEF3953-72CE-4704-9D22-C4A52CDC0DF6}.Debug|Any CPU.ActiveCfg = Debug|Any CPU
		{BAEF3953-72CE-4704-9D22-C4A52CDC0DF6}.Debug|Any CPU.Build.0 = Debug|Any CPU
		{BAEF3953-72CE-4704-9D22-C4A52CDC0DF6}.Release|Any CPU.ActiveCfg = Release|Any CPU
		{BAEF3953-72CE-4704-9D22-C4A52CDC0DF6}.Release|Any CPU.Build.0 = Release|Any CPU
	EndGlobalSection
	GlobalSection(SolutionProperties) = preSolution
		HideSolutionNode = FALSE
	EndGlobalSection
	GlobalSection(ExtensibilityGlobals) = postSolution
		SolutionGuid = {948B49EF-D42D-4CEA-9E7D-F7A9F97C67E2}
	EndGlobalSection
EndGlobal
